
Microsoft Visual Studio Solution File, Format Version 12.00
# Visual Studio Version 17
VisualStudioVersion = 17.13.35931.197
MinimumVisualStudioVersion = 10.0.40219.1
Project("{FAE04EC0-301F-11D3-BF4B-00C04F79EFBC}") = "InfernalEclipseAPI", "InfernalEclipseAPI.csproj", "{DC02E04A-42D3-3A72-27B4-D7EA95BFA3CC}"
EndProject
Global
	GlobalSection(SolutionConfigurationPlatforms) = preSolution
		Debug|Any CPU = Debug|Any CPU
		Debug|x64 = Debug|x64
		Release|Any CPU = Release|Any CPU
		Release|x64 = Release|x64
	EndGlobalSection
	GlobalSection(ProjectConfigurationPlatforms) = postSolution
		{DC02E04A-42D3-3A72-27B4-D7EA95BFA3CC}.Debug|Any CPU.ActiveCfg = Debug|Any CPU
		{DC02E04A-42D3-3A72-27B4-D7EA95BFA3CC}.Debug|Any CPU.Build.0 = Debug|Any CPU
		{DC02E04A-42D3-3A72-27B4-D7EA95BFA3CC}.Debug|x64.ActiveCfg = Debug|x64
		{DC02E04A-42D3-3A72-27B4-D7EA95BFA3CC}.Debug|x64.Build.0 = Debug|x64
		{DC02E04A-42D3-3A72-27B4-D7EA95BFA3CC}.Release|Any CPU.ActiveCfg = Release|Any CPU
		{DC02E04A-42D3-3A72-27B4-D7EA95BFA3CC}.Release|Any CPU.Build.0 = Release|Any CPU
		{DC02E04A-42D3-3A72-27B4-D7EA95BFA3CC}.Release|x64.ActiveCfg = Release|x64
		{DC02E04A-42D3-3A72-27B4-D7EA95BFA3CC}.Release|x64.Build.0 = Release|x64
	EndGlobalSection
	GlobalSection(SolutionProperties) = preSolution
		HideSolutionNode = FALSE
	EndGlobalSection
	GlobalSection(ExtensibilityGlobals) = postSolution
		SolutionGuid = {6063B568-33F8-40BC-B6C3-3CBDA5637488}
	EndGlobalSection
EndGlobal
