Microsoft Visual Studio Solution File, Format Version 12.00
# Visual Studio Version 17
VisualStudioVersion = 17.5.2.0
MinimumVisualStudioVersion = 10.0.40219.1
Project("{FAE04EC0-301F-11D3-BF4B-00C04F79EFBC}") = "InfernalEclipseAPI", "InfernalEclipseAPI.csproj", "{DC02E04A-42D3-3A72-27B4-D7EA95BFA3CC}"
EndProject
Global
	GlobalSection(SolutionConfigurationPlatforms) = preSolution
		Debug|Any CPU = Debug|Any CPU
		Release|Any CPU = Release|Any CPU
	EndGlobalSection
	GlobalSection(ProjectConfigurationPlatforms) = postSolution
		{DC02E04A-42D3-3A72-27B4-D7EA95BFA3CC}.Debug|Any CPU.ActiveCfg = Debug|Any CPU
		{DC02E04A-42D3-3A72-27B4-D7EA95BFA3CC}.Debug|Any CPU.Build.0 = Debug|Any CPU
		{DC02E04A-42D3-3A72-27B4-D7EA95BFA3CC}.Release|Any CPU.ActiveCfg = Release|Any CPU
		{DC02E04A-42D3-3A72-27B4-D7EA95BFA3CC}.Release|Any CPU.Build.0 = Release|Any CPU
	EndGlobalSection
	GlobalSection(SolutionProperties) = preSolution
		HideSolutionNode = FALSE
	EndGlobalSection
	GlobalSection(ExtensibilityGlobals) = postSolution
		SolutionGuid = {CFA15ECD-4A3E-4877-BEBB-7896C859373A}
	EndGlobalSection
EndGlobal
